symfony v2.0.13
twig v1.7.0
monolog 1.0.2
doctrine-common 2.1.4
doctrine-dbal 2.1.6
doctrine 2.1.6
swiftmailer v4.1.7
assetic v1.0.3
twig-extensions 446d870272cd87a720e95242eade38a2acf56eaa
metadata 1.0.0
SensioFrameworkExtraBundle cb61b92ed55241d93ed9726bc3f5f47c7d2ce8fe
JMSSecurityExtraBundle e752f888c51425f71382c056961f10f2be642102
SensioDistributionBundle 20b66a408084ad8752f98e50f10533f5245310bf
SensioGeneratorBundle b1ccb78c1743f30817b0fce9bb5c6baff6ed7bf8
AsseticBundle v1.0.1
FOSUserBundle 1.1.0~52
doctrine-fixtures v1.0.0-ALPHA1~4
DoctrineFixturesBundle a66be2f077f3a4e5c3801b356b42b8782f1abbd6
JMSI18nRoutingBundle ad91318b3439e1a9e1a28735a63e07957754060b
FOSCommentBundle v0.9.1~12
EWZRecaptchaBundle 01cf9e2a673a480db5d639e20f80739bc3780622
DoctrineExtensions v2.2.0~57
StofDoctrineExtensionsBundle 1.0.0
pagerfanta bbbf256d830a6036a6a7671d6b1dc3038e38294a
WhiteOctoberPagerfantaBundle 60db33325971201cfacb3cbe90d8e25c8c89fd66
doctrine-migrations 1a3d3533bd2b9b6d7cc42f78f628649caf9efa51
DoctrineMigrationsBundle dd9a336c574301b0b6a7e82a0865cab3d4d95503
Gaufrette e32cb543dd69f17bea455a2e33d114a2eebee9dd
aws-sdk 1.4.7
KnpGaufretteBundle ba80e707faf19c9912990897cb4ce8cde3232e94
media-exposer 4abcf3b5a277f4fdf5b3181d9ee0dfcdc2acd3c6
KnpMediaExposerBundle 783631716da39da226ed4268b359ccede967df9e
BehatBundle 55ede38ec9694d67c7bc51e910f7009978421a56
MinkBundle 788e4a170ab037bf810a26d2b25bfdb7b496df66
KnpMenu 138b735bab508eb3d7266ff64041bb715595b662
KnpMenuBundle 5de114491070a2ccc58ae8c8ac4bef61522e0667
LiipImagineBundle 2825a611569dbb5d28edc335ecbf2a081902f69d
