symfony 6a25df0ebf92074bf541fc7ca53d9fcd27981c3d
twig 684970530d5db52552e7733de263653ad5aa0ab1
monolog 303b8a83c87d5c6d749926cf02620465a5dcd0f2
doctrine-common 174111c8d245d560e1af4c7455b730347f85686d
doctrine-dbal edc628f7e7fa5a116b9b41838e7955c03f7af2e0
doctrine 05d12e20be58ab4d5fa403c5bd6ac06d1fce97e5
swiftmailer 8c3165691e36302405926abbae7526549db8b899
assetic f829ad23d23c87480151a21faad49fefe7c09e5d
twig-extensions d5851b96f06442e74590e5540a4209e9e3946243
metadata 8717ad2a5689480765d9ffafe925cd8a2457e582
SensioFrameworkExtraBundle dcd40eb4e2fff2d82fad644bb44fc2a40ccaf381
JMSSecurityExtraBundle b8b7eb294ed83d83ca7260ac018e701f08003538
SensioDistributionBundle 20b66a408084ad8752f98e50f10533f5245310bf
SensioGeneratorBundle c6af9719ae9e81fa4e086f40697d35e7090921cc
AsseticBundle 41b5913b5086a0909af92adcb4a6005ee0051b16
FOSUserBundle 6f30cb4322cc689aefe46966c386c86da32440fe
doctrine-fixtures 3ef3f667cc7a4552beee2fc4abefd4da1a43557c
DoctrineFixturesBundle a66be2f077f3a4e5c3801b356b42b8782f1abbd6
JMSI18nRoutingBundle ad91318b3439e1a9e1a28735a63e07957754060b
FOSCommentBundle b2a56176cc45ab8a6296cc1788d05eca3e5da706
EWZRecaptchaBundle 01cf9e2a673a480db5d639e20f80739bc3780622
DoctrineExtensions 369f066bcc8f8c8b52eb0cebb0ff016ec3adcf9f
StofDoctrineExtensionsBundle 5dd2ea308aa23d934b6c50551853fc3d81bffae9
pagerfanta bbbf256d830a6036a6a7671d6b1dc3038e38294a
WhiteOctoberPagerfantaBundle 60db33325971201cfacb3cbe90d8e25c8c89fd66
doctrine-migrations 73c7570042fb8d0bb74281164c55ae5740562d4b
DoctrineMigrationsBundle dd9a336c574301b0b6a7e82a0865cab3d4d95503
Gaufrette db4719dcb38ee7b8135a2aef4ac38cadeb2b8a87
aws-sdk cfa8a03414c81010cbb06f3746fe0a09538dd78a
KnpGaufretteBundle ba80e707faf19c9912990897cb4ce8cde3232e94
media-exposer 4abcf3b5a277f4fdf5b3181d9ee0dfcdc2acd3c6
KnpMediaExposerBundle 783631716da39da226ed4268b359ccede967df9e
