symfony v2.0.23
twig v1.10.3
monolog 1.2.1
doctrine-common 2.1.4
doctrine-dbal 2.1.7
doctrine 2.1.7
swiftmailer v4.2.2
assetic v1.0.4
twig-extensions v1.0.0
metadata 1.0.0
SensioFrameworkExtraBundle v2.0.22
JMSSecurityExtraBundle e752f888c51425f71382c056961f10f2be642102
SensioDistributionBundle v2.0.22
SensioGeneratorBundle v2.0.22
AsseticBundle 6f15728c1aefa5246caa83730e3dbf70b0d46052
FOSUserBundle v1.2.5~2^2
doctrine-fixtures v1.0.0-ALPHA1~4
DoctrineFixturesBundle v2.0.0~1
JMSI18nRoutingBundle 1.0.0~35
EWZRecaptchaBundle 4fdc71168f5a091e84ab38acf2ba97b6e0215348
DoctrineExtensions v2.2.0~57
StofDoctrineExtensionsBundle 1.0.0
pagerfanta v1.0.0~81
WhiteOctoberPagerfantaBundle v1.0.0~17
doctrine-migrations v1.0-ALPHA1~14
DoctrineMigrationsBundle v1.0.0-beta1~2
Gaufrette v0.1~15
aws-sdk-for-php aab09f6dac35e5e9a263fb7311bb4e71de95b0ba
AmazonWebServicesBundle 75914aa916d626fa1276b1e9e8d02f257d7ed695
KnpGaufretteBundle v0.1.3~15
media-exposer 4abcf3b5a277f4fdf5b3181d9ee0dfcdc2acd3c6
KnpMediaExposerBundle 783631716da39da226ed4268b359ccede967df9e
BehatBundle 55ede38ec9694d67c7bc51e910f7009978421a56
MinkBundle 788e4a170ab037bf810a26d2b25bfdb7b496df66
KnpMenu v1.1.0~30
KnpMenuBundle v1.0.0~3
JMSTranslationBundle eb4d61c8f55c2c355728edef66777196879188ba
php-parser 6f36a88993a07d0ccd52d813ceff27de022429c3
Imagine v0.2.0
LiipImagineBundle v0.9.0~38^2~2
KnpTimeBundle dfbd17d65fe91599b8eabd75325006a767a17136
HTMLPurifierBundle f79f6bcd8725f41ba5c3af2d045a91bcfd00ba2a
HTMLPurifier v4.5.0~2
VichGeographicalBundle fc68b2c52e3b925fb31e51ee87fefe325491d266
LiipThemeBundle fd03522f96af1f6b580e5362eb97f983f1126975
FOSFacebookBundle d931a27227f70b54e2e669b2a7772403be3c1244
FacebookSDK 5c5a3e80af30ea00e7682e94b31112c505051f50
FOSTwitterBundle f5e368d6304a52a4287e93a26ca865e4c128567e
twitteroauth 88eb43ba510b120bf7791fe78d42a44332c1e0c0
SendGrid cf1fbd36b2da7a73323a5797a3a605f44f880b06
php-amqplib 2e0548069731bba38335bcf29318865b8e4d1b27

